{
  "name": "rsbuild-react-ts",
  "version": "1.0.0",
  "lockfileVersion": 3,
  "requires": true,
  "packages": {
    "": {
      "name": "rsbuild-react-ts",
      "version": "1.0.0",
      "dependencies": {
        "@fontsource/source-sans-pro": "^5.2.5",
        "react": "^19.0.0",
        "react-dom": "^19.0.0"
      },
      "devDependencies": {
        "@rsbuild/core": "^1.2.14",
        "@rsbuild/plugin-react": "^1.1.1",
        "@types/react": "^19.0.10",
        "@types/react-dom": "^19.0.4",
        "json-server": "^1.0.0-beta.3",
        "typescript": "^5.8.2"
      }
    },
    "node_modules/@fontsource/source-sans-pro": {
      "version": "5.2.5",
      "resolved": "https://registry.npmjs.org/@fontsource/source-sans-pro/-/source-sans-pro-5.2.5.tgz",
      "integrity": "sha512-ypendqc4pYUc+EgF7qqPY9iVYEz1t/Qr03VojKxG/2g3dnpHa1B6DOlDxWQjQXDj5QrG6inEqGT0g+edjALZyg=="
    },
    "node_modules/@module-federation/error-codes": {
      "version": "0.8.4",
      "resolved": "https://registry.npmjs.org/@module-federation/error-codes/-/error-codes-0.8.4.tgz",
      "integrity": "sha512-55LYmrDdKb4jt+qr8qE8U3al62ZANp3FhfVaNPOaAmdTh0jHdD8M3yf5HKFlr5xVkVO4eV/F/J2NCfpbh+pEXQ==",
      "dev": true
    },
    "node_modules/@module-federation/runtime": {
      "version": "0.8.4",
      "resolved": "https://registry.npmjs.org/@module-federation/runtime/-/runtime-0.8.4.tgz",
      "integrity": "sha512-yZeZ7z2Rx4gv/0E97oLTF3V6N25vglmwXGgoeju/W2YjsFvWzVtCDI7zRRb0mJhU6+jmSM8jP1DeQGbea/AiZQ==",
      "dev": true,
      "dependencies": {
        "@module-federation/error-codes": "0.8.4",
        "@module-federation/sdk": "0.8.4"
      }
    },
    "node_modules/@module-federation/runtime-tools": {
      "version": "0.8.4",
      "resolved": "https://registry.npmjs.org/@module-federation/runtime-tools/-/runtime-tools-0.8.4.tgz",
      "integrity": "sha512-fjVOsItJ1u5YY6E9FnS56UDwZgqEQUrWFnouRiPtK123LUuqUI9FH4redZoKWlE1PB0ir1Z3tnqy8eFYzPO38Q==",
      "dev": true,
      "dependencies": {
        "@module-federation/runtime": "0.8.4",
        "@module-federation/webpack-bundler-runtime": "0.8.4"
      }
    },
    "node_modules/@module-federation/sdk": {
      "version": "0.8.4",
      "resolved": "https://registry.npmjs.org/@module-federation/sdk/-/sdk-0.8.4.tgz",
      "integrity": "sha512-waABomIjg/5m1rPDBWYG4KUhS5r7OUUY7S+avpaVIY/tkPWB3ibRDKy2dNLLAMaLKq0u+B1qIdEp4NIWkqhqpg==",
      "dev": true,
      "dependencies": {
        "isomorphic-rslog": "0.0.6"
      }
    },
    "node_modules/@module-federation/webpack-bundler-runtime": {
      "version": "0.8.4",
      "resolved": "https://registry.npmjs.org/@module-federation/webpack-bundler-runtime/-/webpack-bundler-runtime-0.8.4.tgz",
      "integrity": "sha512-HggROJhvHPUX7uqBD/XlajGygMNM1DG0+4OAkk8MBQe4a18QzrRNzZt6XQbRTSG4OaEoyRWhQHvYD3Yps405tQ==",
      "dev": true,
      "dependencies": {
        "@module-federation/runtime": "0.8.4",
        "@module-federation/sdk": "0.8.4"
      }
    },
    "node_modules/@polka/url": {
      "version": "1.0.0-next.28",
      "resolved": "https://registry.npmjs.org/@polka/url/-/url-1.0.0-next.28.tgz",
      "integrity": "sha512-8LduaNlMZGwdZ6qWrKlfa+2M4gahzFkprZiAt2TF8uS0qQgBizKXpXURqvTJ4WtmupWxaLqjRb2UCTe72mu+Aw==",
      "dev": true
    },
    "node_modules/@rsbuild/core": {
      "version": "1.2.16",
      "resolved": "https://registry.npmjs.org/@rsbuild/core/-/core-1.2.16.tgz",
      "integrity": "sha512-LxiZUTKhg3ZHFIeZkDmrOG8pWn/lny4vx0AqtSxovWPDnFHgYeuL45rAGDfkrx4TuGwwDN3qJgbetPRSYA8cWw==",
      "dev": true,
      "dependencies": {
        "@rspack/core": "1.2.7",
        "@rspack/lite-tapable": "~1.0.1",
        "@swc/helpers": "^0.5.15",
        "core-js": "~3.41.0",
        "jiti": "^2.4.2"
      },
      "bin": {
        "rsbuild": "bin/rsbuild.js"
      },
      "engines": {
        "node": ">=16.7.0"
      }
    },
    "node_modules/@rsbuild/plugin-react": {
      "version": "1.1.1",
      "resolved": "https://registry.npmjs.org/@rsbuild/plugin-react/-/plugin-react-1.1.1.tgz",
      "integrity": "sha512-gkATKrOQauXMMtrYA5jbTQkhmYTE0VXoknPLtVpiXtwDbBUwgX23LFf1XJ51YOwqYpP7g5SfPEMgD2FENtCq0A==",
      "dev": true,
      "dependencies": {
        "@rspack/plugin-react-refresh": "~1.0.1",
        "react-refresh": "^0.16.0"
      },
      "peerDependencies": {
        "@rsbuild/core": "1.x"
      }
    },
    "node_modules/@rspack/binding": {
      "version": "1.2.7",
      "resolved": "https://registry.npmjs.org/@rspack/binding/-/binding-1.2.7.tgz",
      "integrity": "sha512-QH+kxkG0I9C6lmlwgBUDFsy24ihXMGG5lfiNtQilk4CyBN+AgSWFENcYrnkUaBioZAvMBznQLiccV3X0JeH9iQ==",
      "dev": true,
      "optionalDependencies": {
        "@rspack/binding-darwin-arm64": "1.2.7",
        "@rspack/binding-darwin-x64": "1.2.7",
        "@rspack/binding-linux-arm64-gnu": "1.2.7",
        "@rspack/binding-linux-arm64-musl": "1.2.7",
        "@rspack/binding-linux-x64-gnu": "1.2.7",
        "@rspack/binding-linux-x64-musl": "1.2.7",
        "@rspack/binding-win32-arm64-msvc": "1.2.7",
        "@rspack/binding-win32-ia32-msvc": "1.2.7",
        "@rspack/binding-win32-x64-msvc": "1.2.7"
      }
    },
    "node_modules/@rspack/binding-darwin-arm64": {
      "version": "1.2.7",
      "resolved": "https://registry.npmjs.org/@rspack/binding-darwin-arm64/-/binding-darwin-arm64-1.2.7.tgz",
      "integrity": "sha512-dT5eSMTknZaI8Djmz8KnaWM68rjZuBZwsKyF144o+ZSJM55vgiNXyL0lQYB8mX9nR3Gck+jKuGUAT2W/EF/t5Q==",
      "cpu": [
        "arm64"
      ],
      "dev": true,
      "optional": true,
      "os": [
        "darwin"
      ]
    },
    "node_modules/@rspack/binding-darwin-x64": {
      "version": "1.2.7",
      "resolved": "https://registry.npmjs.org/@rspack/binding-darwin-x64/-/binding-darwin-x64-1.2.7.tgz",
      "integrity": "sha512-5n8IhKBxH71d4BUIvyzTwSOAOKNneLPJwLIphSPNIbCMGjLI59/EVpxSQ/AAUfyMkqOs635NNCn0eGQVuzpI/w==",
      "cpu": [
        "x64"
      ],
      "dev": true,
      "optional": true,
      "os": [
        "darwin"
      ]
    },
    "node_modules/@rspack/binding-linux-arm64-gnu": {
      "version": "1.2.7",
      "resolved": "https://registry.npmjs.org/@rspack/binding-linux-arm64-gnu/-/binding-linux-arm64-gnu-1.2.7.tgz",
      "integrity": "sha512-DTtFBJmgQQrVWjbklpgJDr3kE9Uf1fHsPh+1GVslsBuyn+o4O7JslrnjuVsQCYKoiEg0Lg4ZPQmwnhJLHssZ5A==",
      "cpu": [
        "arm64"
      ],
      "dev": true,
      "optional": true,
      "os": [
        "linux"
      ]
    },
    "node_modules/@rspack/binding-linux-arm64-musl": {
      "version": "1.2.7",
      "resolved": "https://registry.npmjs.org/@rspack/binding-linux-arm64-musl/-/binding-linux-arm64-musl-1.2.7.tgz",
      "integrity": "sha512-01/OoQQF9eyDvRKkxj4DzCznfGZIvnzI8qOsrv+M7VBm8FLoKpb3hygXixaGQOXmNL42XTh61qjgm++fBu6aUA==",
      "cpu": [
        "arm64"
      ],
      "dev": true,
      "optional": true,
      "os": [
        "linux"
      ]
    },
    "node_modules/@rspack/binding-linux-x64-gnu": {
      "version": "1.2.7",
      "resolved": "https://registry.npmjs.org/@rspack/binding-linux-x64-gnu/-/binding-linux-x64-gnu-1.2.7.tgz",
      "integrity": "sha512-lUOAUq0YSsofCXsP6XnlgfH0ZRDZ2X2XqXLXYjqf4xkSxCl5eBmE0EQYjAHF4zjUvU5rVx4a4bDLWv7+t3bOHg==",
      "cpu": [
        "x64"
      ],
      "dev": true,
      "optional": true,
      "os": [
        "linux"
      ]
    },
    "node_modules/@rspack/binding-linux-x64-musl": {
      "version": "1.2.7",
      "resolved": "https://registry.npmjs.org/@rspack/binding-linux-x64-musl/-/binding-linux-x64-musl-1.2.7.tgz",
      "integrity": "sha512-ZrPXfgT30p4DlydYavaTHiluxHkWvZHt7K4q7qNyTfYYowG6jRGwWi/PATdugNICGv027Wsh5nzEO4o27Iuhwg==",
      "cpu": [
        "x64"
      ],
      "dev": true,
      "optional": true,
      "os": [
        "linux"
      ]
    },
    "node_modules/@rspack/binding-win32-arm64-msvc": {
      "version": "1.2.7",
      "resolved": "https://registry.npmjs.org/@rspack/binding-win32-arm64-msvc/-/binding-win32-arm64-msvc-1.2.7.tgz",
      "integrity": "sha512-1OzzM+OUSWX39XYcDfxJ8bGX5vNNrRejCMGotBEdP+uQ3KMWCPz0G4KRc3QIjghaLIYk3ofd83hcfUxyk/2Xog==",
      "cpu": [
        "arm64"
      ],
      "dev": true,
      "optional": true,
      "os": [
        "win32"
      ]
    },
    "node_modules/@rspack/binding-win32-ia32-msvc": {
      "version": "1.2.7",
      "resolved": "https://registry.npmjs.org/@rspack/binding-win32-ia32-msvc/-/binding-win32-ia32-msvc-1.2.7.tgz",
      "integrity": "sha512-VWlDCV9kDtijk9GK6ZtBQmYoVzKGpnrJB0iI3d2gIEa/2NwikJ89bLMFE4dFx8UNH3p/sSyb5pmPOQnbudFK7Q==",
      "cpu": [
        "ia32"
      ],
      "dev": true,
      "optional": true,
      "os": [
        "win32"
      ]
    },
    "node_modules/@rspack/binding-win32-x64-msvc": {
      "version": "1.2.7",
      "resolved": "https://registry.npmjs.org/@rspack/binding-win32-x64-msvc/-/binding-win32-x64-msvc-1.2.7.tgz",
      "integrity": "sha512-l/sTdeMsQF1a1aB79cWykDNRZG6nkUA0biJo2/sEARP3ijdr8TuwUdirp2JRDmZfQJkoJnQ2un9y9qyW+TIZzA==",
      "cpu": [
        "x64"
      ],
      "dev": true,
      "optional": true,
      "os": [
        "win32"
      ]
    },
    "node_modules/@rspack/core": {
      "version": "1.2.7",
      "resolved": "https://registry.npmjs.org/@rspack/core/-/core-1.2.7.tgz",
      "integrity": "sha512-Vg7ySflnqI1nNOBPd6VJkQozWADssxn3einbxa9OqDVAB+dGSj8qihTs6rlaTSewidoaYTGIAiTMHO2y+61qqQ==",
      "dev": true,
      "dependencies": {
        "@module-federation/runtime-tools": "0.8.4",
        "@rspack/binding": "1.2.7",
        "@rspack/lite-tapable": "1.0.1",
        "caniuse-lite": "^1.0.30001700"
      },
      "engines": {
        "node": ">=16.0.0"
      },
      "peerDependencies": {
        "@rspack/tracing": "^1.x",
        "@swc/helpers": ">=0.5.1"
      },
      "peerDependenciesMeta": {
        "@rspack/tracing": {
          "optional": true
        },
        "@swc/helpers": {
          "optional": true
        }
      }
    },
    "node_modules/@rspack/lite-tapable": {
      "version": "1.0.1",
      "resolved": "https://registry.npmjs.org/@rspack/lite-tapable/-/lite-tapable-1.0.1.tgz",
      "integrity": "sha512-VynGOEsVw2s8TAlLf/uESfrgfrq2+rcXB1muPJYBWbsm1Oa6r5qVQhjA5ggM6z/coYPrsVMgovl3Ff7Q7OCp1w==",
      "dev": true,
      "engines": {
        "node": ">=16.0.0"
      }
    },
    "node_modules/@rspack/plugin-react-refresh": {
      "version": "1.0.1",
      "resolved": "https://registry.npmjs.org/@rspack/plugin-react-refresh/-/plugin-react-refresh-1.0.1.tgz",
      "integrity": "sha512-KSBc3bsr3mrAPViv7w9MpE9KEWm6q87EyRXyHlRfJ9PpQ56NbX9KZ7AXo7jPeECb0q5sfpM2PSEf+syBiMgLSw==",
      "dev": true,
      "dependencies": {
        "error-stack-parser": "^2.1.4",
        "html-entities": "^2.5.2"
      },
      "peerDependencies": {
        "react-refresh": ">=0.10.0 <1.0.0"
      },
      "peerDependenciesMeta": {
        "react-refresh": {
          "optional": true
        }
      }
    },
    "node_modules/@swc/helpers": {
      "version": "0.5.15",
      "resolved": "https://registry.npmjs.org/@swc/helpers/-/helpers-0.5.15.tgz",
      "integrity": "sha512-JQ5TuMi45Owi4/BIMAJBoSQoOJu12oOk/gADqlcUL9JEdHB8vyjUSsxqeNXnmXHjYKMi2WcYtezGEEhqUI/E2g==",
      "dev": true,
      "dependencies": {
        "tslib": "^2.8.0"
      }
    },
    "node_modules/@tinyhttp/accepts": {
      "version": "2.2.3",
      "resolved": "https://registry.npmjs.org/@tinyhttp/accepts/-/accepts-2.2.3.tgz",
      "integrity": "sha512-9pQN6pJAJOU3McmdJWTcyq7LLFW8Lj5q+DadyKcvp+sxMkEpktKX5sbfJgJuOvjk6+1xWl7pe0YL1US1vaO/1w==",
      "dev": true,
      "dependencies": {
        "mime": "4.0.4",
        "negotiator": "^0.6.3"
      },
      "engines": {
        "node": ">=12.20.0"
      },
      "funding": {
        "type": "individual",
        "url": "https://github.com/tinyhttp/tinyhttp?sponsor=1"
      }
    },
    "node_modules/@tinyhttp/app": {
      "version": "2.5.2",
      "resolved": "https://registry.npmjs.org/@tinyhttp/app/-/app-2.5.2.tgz",
      "integrity": "sha512-DcB3Y8GQppLQlO2VxRYF7LzTEAoZb+VRQXuIsErcu2fNaM1xdx6NQZDso5rlZUiaeg6KYYRfU34N4XkZbv6jSA==",
      "dev": true,
      "dependencies": {
        "@tinyhttp/cookie": "2.1.1",
        "@tinyhttp/proxy-addr": "2.2.1",
        "@tinyhttp/req": "2.2.5",
        "@tinyhttp/res": "2.2.5",
        "@tinyhttp/router": "2.2.3",
        "header-range-parser": "1.1.3",
        "regexparam": "^2.0.2"
      },
      "engines": {
        "node": ">=14.21.3"
      },
      "funding": {
        "type": "individual",
        "url": "https://github.com/tinyhttp/tinyhttp?sponsor=1"
      }
    },
    "node_modules/@tinyhttp/content-disposition": {
      "version": "2.2.2",
      "resolved": "https://registry.npmjs.org/@tinyhttp/content-disposition/-/content-disposition-2.2.2.tgz",
      "integrity": "sha512-crXw1txzrS36huQOyQGYFvhTeLeG0Si1xu+/l6kXUVYpE0TjFjEZRqTbuadQLfKGZ0jaI+jJoRyqaWwxOSHW2g==",
      "dev": true,
      "engines": {
        "node": ">=12.20.0"
      },
      "funding": {
        "type": "individual",
        "url": "https://github.com/tinyhttp/tinyhttp?sponsor=1"
      }
    },
    "node_modules/@tinyhttp/content-type": {
      "version": "0.1.4",
      "resolved": "https://registry.npmjs.org/@tinyhttp/content-type/-/content-type-0.1.4.tgz",
      "integrity": "sha512-dl6f3SHIJPYbhsW1oXdrqOmLSQF/Ctlv3JnNfXAE22kIP7FosqJHxkz/qj2gv465prG8ODKH5KEyhBkvwrueKQ==",
      "dev": true,
      "engines": {
        "node": ">=12.4"
      }
    },
    "node_modules/@tinyhttp/cookie": {
      "version": "2.1.1",
      "resolved": "https://registry.npmjs.org/@tinyhttp/cookie/-/cookie-2.1.1.tgz",
      "integrity": "sha512-h/kL9jY0e0Dvad+/QU3efKZww0aTvZJslaHj3JTPmIPC9Oan9+kYqmh3M6L5JUQRuTJYFK2nzgL2iJtH2S+6dA==",
      "dev": true,
      "engines": {
        "node": ">=12.20.0"
      },
      "funding": {
        "type": "individual",
        "url": "https://github.com/tinyhttp/tinyhttp?sponsor=1"
      }
    },
    "node_modules/@tinyhttp/cookie-signature": {
      "version": "2.1.1",
      "resolved": "https://registry.npmjs.org/@tinyhttp/cookie-signature/-/cookie-signature-2.1.1.tgz",
      "integrity": "sha512-VDsSMY5OJfQJIAtUgeQYhqMPSZptehFSfvEEtxr+4nldPA8IImlp3QVcOVuK985g4AFR4Hl1sCbWCXoqBnVWnw==",
      "dev": true,
      "engines": {
        "node": ">=12.20.0"
      }
    },
    "node_modules/@tinyhttp/cors": {
      "version": "2.0.1",
      "resolved": "https://registry.npmjs.org/@tinyhttp/cors/-/cors-2.0.1.tgz",
      "integrity": "sha512-qrmo6WJuaiCzKWagv2yA/kw6hIISfF/hOqPWwmI6w0o8apeTMmRN3DoCFvQ/wNVuWVdU5J4KU7OX8aaSOEq51A==",
      "dev": true,
      "dependencies": {
        "@tinyhttp/vary": "^0.1.3"
      },
      "engines": {
        "node": ">=12.20 || 14.x || >=16"
      }
    },
    "node_modules/@tinyhttp/encode-url": {
      "version": "2.1.1",
      "resolved": "https://registry.npmjs.org/@tinyhttp/encode-url/-/encode-url-2.1.1.tgz",
      "integrity": "sha512-AhY+JqdZ56qV77tzrBm0qThXORbsVjs/IOPgGCS7x/wWnsa/Bx30zDUU/jPAUcSzNOzt860x9fhdGpzdqbUeUw==",
      "dev": true,
      "engines": {
        "node": ">=12.20.0"
      }
    },
    "node_modules/@tinyhttp/etag": {
      "version": "2.1.2",
      "resolved": "https://registry.npmjs.org/@tinyhttp/etag/-/etag-2.1.2.tgz",
      "integrity": "sha512-j80fPKimGqdmMh6962y+BtQsnYPVCzZfJw0HXjyH70VaJBHLKGF+iYhcKqzI3yef6QBNa8DKIPsbEYpuwApXTw==",
      "dev": true,
      "engines": {
        "node": ">=12.20.0"
      }
    },
    "node_modules/@tinyhttp/forwarded": {
      "version": "2.1.2",
      "resolved": "https://registry.npmjs.org/@tinyhttp/forwarded/-/forwarded-2.1.2.tgz",
      "integrity": "sha512-9H/eulJ68ElY/+zYpTpNhZ7vxGV+cnwaR6+oQSm7bVgZMyuQfgROW/qvZuhmgDTIxnGMXst+Ba4ij6w6Krcs3w==",
      "dev": true,
      "engines": {
        "node": ">=12.20.0"
      }
    },
    "node_modules/@tinyhttp/logger": {
      "version": "2.1.0",
      "resolved": "https://registry.npmjs.org/@tinyhttp/logger/-/logger-2.1.0.tgz",
      "integrity": "sha512-Ma1fJ9CwUbn9r61/4HW6+nflsVoslpOnCrfQ6UeZq7GGIgwLzofms3HoSVG7M+AyRMJpxlfcDdbH5oFVroDMKA==",
      "dev": true,
      "dependencies": {
        "colorette": "^2.0.20",
        "dayjs": "^1.11.13",
        "http-status-emojis": "^2.2.0"
      },
      "engines": {
        "node": ">=14.18 || >=16.20"
      }
    },
    "node_modules/@tinyhttp/proxy-addr": {
      "version": "2.2.1",
      "resolved": "https://registry.npmjs.org/@tinyhttp/proxy-addr/-/proxy-addr-2.2.1.tgz",
      "integrity": "sha512-BicqMqVI91hHq2BQmnqJUh0FQUnx7DncwSGgu2ghlh+JZG2rHK2ZN/rXkfhrx1rrUw6hnd0L36O8GPMh01+dDQ==",
      "dev": true,
      "dependencies": {
        "@tinyhttp/forwarded": "2.1.2",
        "ipaddr.js": "^2.2.0"
      },
      "engines": {
        "node": ">=12.20.0"
      }
    },
    "node_modules/@tinyhttp/req": {
      "version": "2.2.5",
      "resolved": "https://registry.npmjs.org/@tinyhttp/req/-/req-2.2.5.tgz",
      "integrity": "sha512-trfsXwtmsNjMcGKcLJ+45h912kLRqBQCQD06ams3Tq0kf4gHLxjHjoYOC1Z9yGjOn81XllRx8wqvnvr+Kbe3gw==",
      "dev": true,
      "dependencies": {
        "@tinyhttp/accepts": "2.2.3",
        "@tinyhttp/type-is": "2.2.4",
        "@tinyhttp/url": "2.1.1",
        "header-range-parser": "^1.1.3"
      },
      "engines": {
        "node": ">=12.20.0"
      }
    },
    "node_modules/@tinyhttp/res": {
      "version": "2.2.5",
      "resolved": "https://registry.npmjs.org/@tinyhttp/res/-/res-2.2.5.tgz",
      "integrity": "sha512-yBsqjWygpuKAVz4moWlP4hqzwiDDqfrn2mA0wviJAcgvGiyOErtlQwXY7aj3aPiCpURvxvEFO//Gdy6yV+xEpA==",
      "dev": true,
      "dependencies": {
        "@tinyhttp/content-disposition": "2.2.2",
        "@tinyhttp/cookie": "2.1.1",
        "@tinyhttp/cookie-signature": "2.1.1",
        "@tinyhttp/encode-url": "2.1.1",
        "@tinyhttp/req": "2.2.5",
        "@tinyhttp/send": "2.2.3",
        "@tinyhttp/vary": "^0.1.3",
        "es-escape-html": "^0.1.1",
        "mime": "4.0.4"
      },
      "engines": {
        "node": ">=12.20.0"
      }
    },
    "node_modules/@tinyhttp/router": {
      "version": "2.2.3",
      "resolved": "https://registry.npmjs.org/@tinyhttp/router/-/router-2.2.3.tgz",
      "integrity": "sha512-O0MQqWV3Vpg/uXsMYg19XsIgOhwjyhTYWh51Qng7bxqXixxx2PEvZWnFjP7c84K7kU/nUX41KpkEBTLnznk9/Q==",
      "dev": true,
      "engines": {
        "node": ">=12.20.0"
      }
    },
    "node_modules/@tinyhttp/send": {
      "version": "2.2.3",
      "resolved": "https://registry.npmjs.org/@tinyhttp/send/-/send-2.2.3.tgz",
      "integrity": "sha512-o4cVHHGQ8WjVBS8UT0EE/2WnjoybrfXikHwsRoNlG1pfrC/Sd01u1N4Te8cOd/9aNGLr4mGxWb5qTm2RRtEi7g==",
      "dev": true,
      "dependencies": {
        "@tinyhttp/content-type": "^0.1.4",
        "@tinyhttp/etag": "2.1.2",
        "mime": "4.0.4"
      },
      "engines": {
        "node": ">=12.20.0"
      }
    },
    "node_modules/@tinyhttp/type-is": {
      "version": "2.2.4",
      "resolved": "https://registry.npmjs.org/@tinyhttp/type-is/-/type-is-2.2.4.tgz",
      "integrity": "sha512-7F328NheridwjIfefBB2j1PEcKKABpADgv7aCJaE8x8EON77ZFrAkI3Rir7pGjopV7V9MBmW88xUQigBEX2rmQ==",
      "dev": true,
      "dependencies": {
        "@tinyhttp/content-type": "^0.1.4",
        "mime": "4.0.4"
      },
      "engines": {
        "node": ">=12.20.0"
      }
    },
    "node_modules/@tinyhttp/url": {
      "version": "2.1.1",
      "resolved": "https://registry.npmjs.org/@tinyhttp/url/-/url-2.1.1.tgz",
      "integrity": "sha512-POJeq2GQ5jI7Zrdmj22JqOijB5/GeX+LEX7DUdml1hUnGbJOTWDx7zf2b5cCERj7RoXL67zTgyzVblBJC+NJWg==",
      "dev": true,
      "engines": {
        "node": ">=12.20.0"
      }
    },
    "node_modules/@tinyhttp/vary": {
      "version": "0.1.3",
      "resolved": "https://registry.npmjs.org/@tinyhttp/vary/-/vary-0.1.3.tgz",
      "integrity": "sha512-SoL83sQXAGiHN1jm2VwLUWQSQeDAAl1ywOm6T0b0Cg1CZhVsjoiZadmjhxF6FHCCY7OHHVaLnTgSMxTPIDLxMg==",
      "dev": true,
      "engines": {
        "node": ">=12.20"
      }
    },
    "node_modules/@types/react": {
      "version": "19.0.10",
      "resolved": "https://registry.npmjs.org/@types/react/-/react-19.0.10.tgz",
      "integrity": "sha512-JuRQ9KXLEjaUNjTWpzuR231Z2WpIwczOkBEIvbHNCzQefFIT0L8IqE6NV6ULLyC1SI/i234JnDoMkfg+RjQj2g==",
      "dev": true,
      "dependencies": {
        "csstype": "^3.0.2"
      }
    },
    "node_modules/@types/react-dom": {
      "version": "19.0.4",
      "resolved": "https://registry.npmjs.org/@types/react-dom/-/react-dom-19.0.4.tgz",
      "integrity": "sha512-4fSQ8vWFkg+TGhePfUzVmat3eC14TXYSsiiDSLI0dVLsrm9gZFABjPy/Qu6TKgl1tq1Bu1yDsuQgY3A3DOjCcg==",
      "dev": true,
      "peerDependencies": {
        "@types/react": "^19.0.0"
      }
    },
    "node_modules/caniuse-lite": {
      "version": "1.0.30001703",
      "resolved": "https://registry.npmjs.org/caniuse-lite/-/caniuse-lite-1.0.30001703.tgz",
      "integrity": "sha512-kRlAGTRWgPsOj7oARC9m1okJEXdL/8fekFVcxA8Hl7GH4r/sN4OJn/i6Flde373T50KS7Y37oFbMwlE8+F42kQ==",
      "dev": true,
      "funding": [
        {
          "type": "opencollective",
          "url": "https://opencollective.com/browserslist"
        },
        {
          "type": "tidelift",
          "url": "https://tidelift.com/funding/github/npm/caniuse-lite"
        },
        {
          "type": "github",
          "url": "https://github.com/sponsors/ai"
        }
      ]
    },
    "node_modules/chalk": {
      "version": "5.4.1",
      "resolved": "https://registry.npmjs.org/chalk/-/chalk-5.4.1.tgz",
      "integrity": "sha512-zgVZuo2WcZgfUEmsn6eO3kINexW8RAE4maiQ8QNs8CtpPCSyMiYsULR3HQYkm3w8FIA3SberyMJMSldGsW+U3w==",
      "dev": true,
      "engines": {
        "node": "^12.17.0 || ^14.13 || >=16.0.0"
      },
      "funding": {
        "url": "https://github.com/chalk/chalk?sponsor=1"
      }
    },
    "node_modules/chokidar": {
      "version": "4.0.3",
      "resolved": "https://registry.npmjs.org/chokidar/-/chokidar-4.0.3.tgz",
      "integrity": "sha512-Qgzu8kfBvo+cA4962jnP1KkS6Dop5NS6g7R5LFYJr4b8Ub94PPQXUksCw9PvXoeXPRRddRNC5C1JQUR2SMGtnA==",
      "dev": true,
      "dependencies": {
        "readdirp": "^4.0.1"
      },
      "engines": {
        "node": ">= 14.16.0"
      },
      "funding": {
        "url": "https://paulmillr.com/funding/"
      }
    },
    "node_modules/colorette": {
      "version": "2.0.20",
      "resolved": "https://registry.npmjs.org/colorette/-/colorette-2.0.20.tgz",
      "integrity": "sha512-IfEDxwoWIjkeXL1eXcDiow4UbKjhLdq6/EuSVR9GMN7KVH3r9gQ83e73hsz1Nd1T3ijd5xv1wcWRYO+D6kCI2w==",
      "dev": true
    },
    "node_modules/core-js": {
      "version": "3.41.0",
      "resolved": "https://registry.npmjs.org/core-js/-/core-js-3.41.0.tgz",
      "integrity": "sha512-SJ4/EHwS36QMJd6h/Rg+GyR4A5xE0FSI3eZ+iBVpfqf1x0eTSg1smWLHrA+2jQThZSh97fmSgFSU8B61nxosxA==",
      "dev": true,
      "hasInstallScript": true,
      "funding": {
        "type": "opencollective",
        "url": "https://opencollective.com/core-js"
      }
    },
    "node_modules/csstype": {
      "version": "3.1.3",
      "resolved": "https://registry.npmjs.org/csstype/-/csstype-3.1.3.tgz",
      "integrity": "sha512-M1uQkMl8rQK/szD0LNhtqxIPLpimGm8sOBwU7lLnCpSbTyY3yeU1Vc7l4KT5zT4s/yOxHH5O7tIuuLOCnLADRw==",
      "dev": true
    },
    "node_modules/dayjs": {
      "version": "1.11.13",
      "resolved": "https://registry.npmjs.org/dayjs/-/dayjs-1.11.13.tgz",
      "integrity": "sha512-oaMBel6gjolK862uaPQOVTA7q3TZhuSvuMQAAglQDOWYO9A91IrAOUJEyKVlqJlHE0vq5p5UXxzdPfMH/x6xNg==",
      "dev": true
    },
    "node_modules/dot-prop": {
      "version": "9.0.0",
      "resolved": "https://registry.npmjs.org/dot-prop/-/dot-prop-9.0.0.tgz",
      "integrity": "sha512-1gxPBJpI/pcjQhKgIU91II6Wkay+dLcN3M6rf2uwP8hRur3HtQXjVrdAK3sjC0piaEuxzMwjXChcETiJl47lAQ==",
      "dev": true,
      "dependencies": {
        "type-fest": "^4.18.2"
      },
      "engines": {
        "node": ">=18"
      },
      "funding": {
        "url": "https://github.com/sponsors/sindresorhus"
      }
    },
    "node_modules/error-stack-parser": {
      "version": "2.1.4",
      "resolved": "https://registry.npmjs.org/error-stack-parser/-/error-stack-parser-2.1.4.tgz",
      "integrity": "sha512-Sk5V6wVazPhq5MhpO+AUxJn5x7XSXGl1R93Vn7i+zS15KDVxQijejNCrz8340/2bgLBjR9GtEG8ZVKONDjcqGQ==",
      "dev": true,
      "dependencies": {
        "stackframe": "^1.3.4"
      }
    },
    "node_modules/es-escape-html": {
      "version": "0.1.1",
      "resolved": "https://registry.npmjs.org/es-escape-html/-/es-escape-html-0.1.1.tgz",
      "integrity": "sha512-yUx1o+8RsG7UlszmYPtks+dm6Lho2m8lgHMOsLJQsFI0R8XwUJwiMhM1M4E/S8QLeGyf6MkDV/pWgjQ0tdTSyQ==",
      "dev": true,
      "engines": {
        "node": ">=12.x"
      }
    },
    "node_modules/eta": {
      "version": "3.5.0",
      "resolved": "https://registry.npmjs.org/eta/-/eta-3.5.0.tgz",
      "integrity": "sha512-e3x3FBvGzeCIHhF+zhK8FZA2vC5uFn6b4HJjegUbIWrDb4mJ7JjTGMJY9VGIbRVpmSwHopNiaJibhjIr+HfLug==",
      "dev": true,
      "engines": {
        "node": ">=6.0.0"
      },
      "funding": {
        "url": "https://github.com/eta-dev/eta?sponsor=1"
      }
    },
    "node_modules/header-range-parser": {
      "version": "1.1.3",
      "resolved": "https://registry.npmjs.org/header-range-parser/-/header-range-parser-1.1.3.tgz",
      "integrity": "sha512-B9zCFt3jH8g09LR1vHL4pcAn8yMEtlSlOUdQemzHMRKMImNIhhszdeosYFfNW0WXKQtXIlWB+O4owHJKvEJYaA==",
      "dev": true,
      "engines": {
        "node": ">=12.22.0"
      }
    },
    "node_modules/html-entities": {
      "version": "2.5.2",
      "resolved": "https://registry.npmjs.org/html-entities/-/html-entities-2.5.2.tgz",
      "integrity": "sha512-K//PSRMQk4FZ78Kyau+mZurHn3FH0Vwr+H36eE0rPbeYkRRi9YxceYPhuN60UwWorxyKHhqoAJl2OFKa4BVtaA==",
      "dev": true,
      "funding": [
        {
          "type": "github",
          "url": "https://github.com/sponsors/mdevils"
        },
        {
          "type": "patreon",
          "url": "https://patreon.com/mdevils"
        }
      ]
    },
    "node_modules/http-status-emojis": {
      "version": "2.2.0",
      "resolved": "https://registry.npmjs.org/http-status-emojis/-/http-status-emojis-2.2.0.tgz",
      "integrity": "sha512-ompKtgwpx8ff0hsbpIB7oE4ax1LXoHmftsHHStMELX56ivG3GhofTX8ZHWlUaFKfGjcGjw6G3rPk7dJRXMmbbg==",
      "dev": true
    },
    "node_modules/inflection": {
      "version": "3.0.2",
      "resolved": "https://registry.npmjs.org/inflection/-/inflection-3.0.2.tgz",
      "integrity": "sha512-+Bg3+kg+J6JUWn8J6bzFmOWkTQ6L/NHfDRSYU+EVvuKHDxUDHAXgqixHfVlzuBQaPOTac8hn43aPhMNk6rMe3g==",
      "dev": true,
      "engines": {
        "node": ">=18.0.0"
      }
    },
    "node_modules/ipaddr.js": {
      "version": "2.2.0",
      "resolved": "https://registry.npmjs.org/ipaddr.js/-/ipaddr.js-2.2.0.tgz",
      "integrity": "sha512-Ag3wB2o37wslZS19hZqorUnrnzSkpOVy+IiiDEiTqNubEYpYuHWIf6K4psgN2ZWKExS4xhVCrRVfb/wfW8fWJA==",
      "dev": true,
      "engines": {
        "node": ">= 10"
      }
    },
    "node_modules/isomorphic-rslog": {
      "version": "0.0.6",
      "resolved": "https://registry.npmjs.org/isomorphic-rslog/-/isomorphic-rslog-0.0.6.tgz",
      "integrity": "sha512-HM0q6XqQ93psDlqvuViNs/Ea3hAyGDkIdVAHlrEocjjAwGrs1fZ+EdQjS9eUPacnYB7Y8SoDdSY3H8p3ce205A==",
      "dev": true,
      "engines": {
        "node": ">=14.17.6"
      }
    },
    "node_modules/jiti": {
      "version": "2.4.2",
      "resolved": "https://registry.npmjs.org/jiti/-/jiti-2.4.2.tgz",
      "integrity": "sha512-rg9zJN+G4n2nfJl5MW3BMygZX56zKPNVEYYqq7adpmMh4Jn2QNEwhvQlFy6jPVdcod7txZtKHWnyZiA3a0zP7A==",
      "dev": true,
      "bin": {
        "jiti": "lib/jiti-cli.mjs"
      }
    },
    "node_modules/json-server": {
      "version": "1.0.0-beta.3",
      "resolved": "https://registry.npmjs.org/json-server/-/json-server-1.0.0-beta.3.tgz",
      "integrity": "sha512-DwE69Ep5ccwIJZBUIWEENC30Yj8bwr4Ax9W9VoIWAYnB8Sj4ReptscO8/DRHv/nXwVlmb3Bk73Ls86+VZdYkkA==",
      "dev": true,
      "dependencies": {
        "@tinyhttp/app": "^2.4.0",
        "@tinyhttp/cors": "^2.0.1",
        "@tinyhttp/logger": "^2.0.0",
        "chalk": "^5.3.0",
        "chokidar": "^4.0.1",
        "dot-prop": "^9.0.0",
        "eta": "^3.5.0",
        "inflection": "^3.0.0",
        "json5": "^2.2.3",
        "lowdb": "^7.0.1",
        "milliparsec": "^4.0.0",
        "sirv": "^2.0.4",
        "sort-on": "^6.1.0"
      },
      "bin": {
        "json-server": "lib/bin.js"
      },
      "engines": {
        "node": ">=18.3"
      }
    },
    "node_modules/json5": {
      "version": "2.2.3",
      "resolved": "https://registry.npmjs.org/json5/-/json5-2.2.3.tgz",
      "integrity": "sha512-XmOWe7eyHYH14cLdVPoyg+GOH3rYX++KpzrylJwSW98t3Nk+U8XOl8FWKOgwtzdb8lXGf6zYwDUzeHMWfxasyg==",
      "dev": true,
      "bin": {
        "json5": "lib/cli.js"
      },
      "engines": {
        "node": ">=6"
      }
    },
    "node_modules/lowdb": {
      "version": "7.0.1",
      "resolved": "https://registry.npmjs.org/lowdb/-/lowdb-7.0.1.tgz",
      "integrity": "sha512-neJAj8GwF0e8EpycYIDFqEPcx9Qz4GUho20jWFR7YiFeXzF1YMLdxB36PypcTSPMA+4+LvgyMacYhlr18Zlymw==",
      "dev": true,
      "dependencies": {
        "steno": "^4.0.2"
      },
      "engines": {
        "node": ">=18"
      },
      "funding": {
        "url": "https://github.com/sponsors/typicode"
      }
    },
    "node_modules/milliparsec": {
      "version": "4.0.0",
      "resolved": "https://registry.npmjs.org/milliparsec/-/milliparsec-4.0.0.tgz",
      "integrity": "sha512-/wk9d4Z6/9ZvoEH/6BI4TrTCgmkpZPuSRN/6fI9aUHOfXdNTuj/VhLS7d+NqG26bi6L9YmGXutVYvWC8zQ0qtA==",
      "dev": true,
      "engines": {
        "node": ">=20"
      }
    },
    "node_modules/mime": {
      "version": "4.0.4",
      "resolved": "https://registry.npmjs.org/mime/-/mime-4.0.4.tgz",
      "integrity": "sha512-v8yqInVjhXyqP6+Kw4fV3ZzeMRqEW6FotRsKXjRS5VMTNIuXsdRoAvklpoRgSqXm6o9VNH4/C0mgedko9DdLsQ==",
      "dev": true,
      "funding": [
        "https://github.com/sponsors/broofa"
      ],
      "bin": {
        "mime": "bin/cli.js"
      },
      "engines": {
        "node": ">=16"
      }
    },
    "node_modules/mrmime": {
      "version": "2.0.1",
      "resolved": "https://registry.npmjs.org/mrmime/-/mrmime-2.0.1.tgz",
      "integrity": "sha512-Y3wQdFg2Va6etvQ5I82yUhGdsKrcYox6p7FfL1LbK2J4V01F9TGlepTIhnK24t7koZibmg82KGglhA1XK5IsLQ==",
      "dev": true,
      "engines": {
        "node": ">=10"
      }
    },
    "node_modules/negotiator": {
      "version": "0.6.4",
      "resolved": "https://registry.npmjs.org/negotiator/-/negotiator-0.6.4.tgz",
      "integrity": "sha512-myRT3DiWPHqho5PrJaIRyaMv2kgYf0mUVgBNOYMuCH5Ki1yEiQaf/ZJuQ62nvpc44wL5WDbTX7yGJi1Neevw8w==",
      "dev": true,
      "engines": {
        "node": ">= 0.6"
      }
    },
    "node_modules/react": {
      "version": "19.0.0",
      "resolved": "https://registry.npmjs.org/react/-/react-19.0.0.tgz",
      "integrity": "sha512-V8AVnmPIICiWpGfm6GLzCR/W5FXLchHop40W4nXBmdlEceh16rCN8O8LNWm5bh5XUX91fh7KpA+W0TgMKmgTpQ==",
      "engines": {
        "node": ">=0.10.0"
      }
    },
    "node_modules/react-dom": {
      "version": "19.0.0",
      "resolved": "https://registry.npmjs.org/react-dom/-/react-dom-19.0.0.tgz",
      "integrity": "sha512-4GV5sHFG0e/0AD4X+ySy6UJd3jVl1iNsNHdpad0qhABJ11twS3TTBnseqsKurKcsNqCEFeGL3uLpVChpIO3QfQ==",
      "dependencies": {
        "scheduler": "^0.25.0"
      },
      "peerDependencies": {
        "react": "^19.0.0"
      }
    },
    "node_modules/react-refresh": {
      "version": "0.16.0",
      "resolved": "https://registry.npmjs.org/react-refresh/-/react-refresh-0.16.0.tgz",
      "integrity": "sha512-FPvF2XxTSikpJxcr+bHut2H4gJ17+18Uy20D5/F+SKzFap62R3cM5wH6b8WN3LyGSYeQilLEcJcR1fjBSI2S1A==",
      "dev": true,
      "engines": {
        "node": ">=0.10.0"
      }
    },
    "node_modules/readdirp": {
      "version": "4.1.2",
      "resolved": "https://registry.npmjs.org/readdirp/-/readdirp-4.1.2.tgz",
      "integrity": "sha512-GDhwkLfywWL2s6vEjyhri+eXmfH6j1L7JE27WhqLeYzoh/A3DBaYGEj2H/HFZCn/kMfim73FXxEJTw06WtxQwg==",
      "dev": true,
      "engines": {
        "node": ">= 14.18.0"
      },
      "funding": {
        "type": "individual",
        "url": "https://paulmillr.com/funding/"
      }
    },
    "node_modules/regexparam": {
      "version": "2.0.2",
      "resolved": "https://registry.npmjs.org/regexparam/-/regexparam-2.0.2.tgz",
      "integrity": "sha512-A1PeDEYMrkLrfyOwv2jwihXbo9qxdGD3atBYQA9JJgreAx8/7rC6IUkWOw2NQlOxLp2wL0ifQbh1HuidDfYA6w==",
      "dev": true,
      "engines": {
        "node": ">=8"
      }
    },
    "node_modules/scheduler": {
      "version": "0.25.0",
      "resolved": "https://registry.npmjs.org/scheduler/-/scheduler-0.25.0.tgz",
      "integrity": "sha512-xFVuu11jh+xcO7JOAGJNOXld8/TcEHK/4CituBUeUb5hqxJLj9YuemAEuvm9gQ/+pgXYfbQuqAkiYu+u7YEsNA=="
    },
    "node_modules/sirv": {
      "version": "2.0.4",
      "resolved": "https://registry.npmjs.org/sirv/-/sirv-2.0.4.tgz",
      "integrity": "sha512-94Bdh3cC2PKrbgSOUqTiGPWVZeSiXfKOVZNJniWoqrWrRkB1CJzBU3NEbiTsPcYy1lDsANA/THzS+9WBiy5nfQ==",
      "dev": true,
      "dependencies": {
        "@polka/url": "^1.0.0-next.24",
        "mrmime": "^2.0.0",
        "totalist": "^3.0.0"
      },
      "engines": {
        "node": ">= 10"
      }
    },
    "node_modules/sort-on": {
      "version": "6.1.0",
      "resolved": "https://registry.npmjs.org/sort-on/-/sort-on-6.1.0.tgz",
      "integrity": "sha512-WTECP0nYNWO1n2g5bpsV0yZN9cBmZsF8ThHFbOqVN0HBFRoaQZLLEMvMmJlKHNPYQeVngeI5+jJzIfFqOIo1OA==",
      "dev": true,
      "dependencies": {
        "dot-prop": "^9.0.0"
      },
      "engines": {
        "node": ">=18"
      },
      "funding": {
        "url": "https://github.com/sponsors/sindresorhus"
      }
    },
    "node_modules/stackframe": {
      "version": "1.3.4",
      "resolved": "https://registry.npmjs.org/stackframe/-/stackframe-1.3.4.tgz",
      "integrity": "sha512-oeVtt7eWQS+Na6F//S4kJ2K2VbRlS9D43mAlMyVpVWovy9o+jfgH8O9agzANzaiLjclA0oYzUXEM4PurhSUChw==",
      "dev": true
    },
    "node_modules/steno": {
      "version": "4.0.2",
      "resolved": "https://registry.npmjs.org/steno/-/steno-4.0.2.tgz",
      "integrity": "sha512-yhPIQXjrlt1xv7dyPQg2P17URmXbuM5pdGkpiMB3RenprfiBlvK415Lctfe0eshk90oA7/tNq7WEiMK8RSP39A==",
      "dev": true,
      "engines": {
        "node": ">=18"
      },
      "funding": {
        "url": "https://github.com/sponsors/typicode"
      }
    },
    "node_modules/totalist": {
      "version": "3.0.1",
      "resolved": "https://registry.npmjs.org/totalist/-/totalist-3.0.1.tgz",
      "integrity": "sha512-sf4i37nQ2LBx4m3wB74y+ubopq6W/dIzXg0FDGjsYnZHVa1Da8FH853wlL2gtUhg+xJXjfk3kUZS3BRoQeoQBQ==",
      "dev": true,
      "engines": {
        "node": ">=6"
      }
    },
    "node_modules/tslib": {
      "version": "2.8.1",
      "resolved": "https://registry.npmjs.org/tslib/-/tslib-2.8.1.tgz",
      "integrity": "sha512-oJFu94HQb+KVduSUQL7wnpmqnfmLsOA/nAh6b6EH0wCEoK0/mPeXU6c3wKDV83MkOuHPRHtSXKKU99IBazS/2w==",
      "dev": true
    },
    "node_modules/type-fest": {
      "version": "4.37.0",
      "resolved": "https://registry.npmjs.org/type-fest/-/type-fest-4.37.0.tgz",
      "integrity": "sha512-S/5/0kFftkq27FPNye0XM1e2NsnoD/3FS+pBmbjmmtLT6I+i344KoOf7pvXreaFsDamWeaJX55nczA1m5PsBDg==",
      "dev": true,
      "engines": {
        "node": ">=16"
      },
      "funding": {
        "url": "https://github.com/sponsors/sindresorhus"
      }
    },
    "node_modules/typescript": {
      "version": "5.8.2",
      "resolved": "https://registry.npmjs.org/typescript/-/typescript-5.8.2.tgz",
      "integrity": "sha512-aJn6wq13/afZp/jT9QZmwEjDqqvSGp1VT5GVg+f/t6/oVyrgXM6BY1h9BRh/O5p3PlUPAe+WuiEZOmb/49RqoQ==",
      "dev": true,
      "bin": {
        "tsc": "bin/tsc",
        "tsserver": "bin/tsserver"
      },
      "engines": {
        "node": ">=14.17"
      }
    }
  }
}
